{
  "name": "extension_3_test",
  "lockfileVersion": 3,
  "requires": true,
  "packages": {
    "": {
      "devDependencies": {
        "@types/loglevel": "^1.5.4",
        "loglevel-plugin-prefix": "^0.8.4"
      }
    },
    "node_modules/@types/loglevel": {
      "version": "1.5.4",
      "resolved": "https://registry.npmjs.org/@types/loglevel/-/loglevel-1.5.4.tgz",
      "integrity": "sha512-8dx4ckP0vndJeN+iKZwdGiapLqFjVQ3JLOt92uqK0C63acs5NcPLbUOpfXCJkKVRjZLBQjw8NIGNBSsnatFnFQ==",
      "dev": true,
      "license": "MIT"
    },
    "node_modules/loglevel-plugin-prefix": {
      "version": "0.8.4",
      "resolved": "https://registry.npmjs.org/loglevel-plugin-prefix/-/loglevel-plugin-prefix-0.8.4.tgz",
      "integrity": "sha512-WpG9CcFAOjz/FtNht+QJeGpvVl/cdR6P0z6OcXSkr8wFJOsV2GRj2j10JLfjuA4aYkcKCNIEqRGCyTife9R8/g==",
      "dev": true,
      "license": "MIT"
    }
  }
}
